
Microsoft Visual Studio Solution File, Format Version 12.00
# Visual Studio 2015
Project("{FAE04EC0-301F-11D3-BF4B-00C04F79EFBC}") = "SchrodingerBit.CSharp.Plugins", "SchrodingerBit.CSharp.Plugins.csproj", "{B94E08BB-CBA2-F37F-3FC2-1A9468DEADFB}"
EndProject
Project("{FAE04EC0-301F-11D3-BF4B-00C04F79EFBC}") = "SchrodingerBit.CSharp", "SchrodingerBit.CSharp.csproj", "{1B03ABE0-A177-E5D2-8838-336E7492EA6F}"
EndProject
Project("{FAE04EC0-301F-11D3-BF4B-00C04F79EFBC}") = "SchrodingerBit.CSharp.Editor.Plugins", "SchrodingerBit.CSharp.Editor.Plugins.csproj", "{484DB277-3A32-237D-9FC0-3207A5047220}"
EndProject
Global
	GlobalSection(SolutionConfigurationPlatforms) = preSolution
		Debug|Any CPU = Debug|Any CPU
		Release|Any CPU = Release|Any CPU
	EndGlobalSection
	GlobalSection(ProjectConfigurationPlatforms) = postSolution
		{B94E08BB-CBA2-F37F-3FC2-1A9468DEADFB}.Debug|Any CPU.ActiveCfg = Debug|Any CPU
		{B94E08BB-CBA2-F37F-3FC2-1A9468DEADFB}.Debug|Any CPU.Build.0 = Debug|Any CPU
		{B94E08BB-CBA2-F37F-3FC2-1A9468DEADFB}.Release|Any CPU.ActiveCfg = Release|Any CPU
		{B94E08BB-CBA2-F37F-3FC2-1A9468DEADFB}.Release|Any CPU.Build.0 = Release|Any CPU
		{1B03ABE0-A177-E5D2-8838-336E7492EA6F}.Debug|Any CPU.ActiveCfg = Debug|Any CPU
		{1B03ABE0-A177-E5D2-8838-336E7492EA6F}.Debug|Any CPU.Build.0 = Debug|Any CPU
		{1B03ABE0-A177-E5D2-8838-336E7492EA6F}.Release|Any CPU.ActiveCfg = Release|Any CPU
		{1B03ABE0-A177-E5D2-8838-336E7492EA6F}.Release|Any CPU.Build.0 = Release|Any CPU
		{484DB277-3A32-237D-9FC0-3207A5047220}.Debug|Any CPU.ActiveCfg = Debug|Any CPU
		{484DB277-3A32-237D-9FC0-3207A5047220}.Debug|Any CPU.Build.0 = Debug|Any CPU
		{484DB277-3A32-237D-9FC0-3207A5047220}.Release|Any CPU.ActiveCfg = Release|Any CPU
		{484DB277-3A32-237D-9FC0-3207A5047220}.Release|Any CPU.Build.0 = Release|Any CPU
	EndGlobalSection
	GlobalSection(SolutionProperties) = preSolution
		HideSolutionNode = FALSE
	EndGlobalSection
EndGlobal
